
Microsoft Visual Studio Solution File, Format Version 12.00
# Visual Studio Version 17
VisualStudioVersion = 17.11.35327.3
MinimumVisualStudioVersion = 10.0.40219.1
Project("{FAE04EC0-301F-11D3-BF4B-00C04F79EFBC}") = "CheckInSystem.Tests", "CheckInSystem.Tests\CheckInSystem.Tests.csproj", "{5E065F17-F636-497F-8F47-35E24CC1FDD3}"
EndProject
Project("{FAE04EC0-301F-11D3-BF4B-00C04F79EFBC}") = "CheckinLibrary", "CheckinLibrary\CheckinLibrary.csproj", "{BE982E27-7420-4000-B7CD-908887C4572D}"
EndProject
Project("{FAE04EC0-301F-11D3-BF4B-00C04F79EFBC}") = "CheckInSystem.Desktop", "..\..\..\Desktop\CheckInSystem.Desktop\CheckInSystem.Desktop.csproj", "{5A4E404F-F5AD-B34C-9235-40F726329693}"
EndProject
Project("{FAE04EC0-301F-11D3-BF4B-00C04F79EFBC}") = "CheckInSystem", "CheckInSystem\CheckInSystem.csproj", "{3F4A0E8E-9983-88C3-83DB-FD8547079813}"
EndProject
Global
	GlobalSection(SolutionConfigurationPlatforms) = preSolution
		Debug|Any CPU = Debug|Any CPU
		Release|Any CPU = Release|Any CPU
	EndGlobalSection
	GlobalSection(ProjectConfigurationPlatforms) = postSolution
		{5E065F17-F636-497F-8F47-35E24CC1FDD3}.Debug|Any CPU.ActiveCfg = Debug|Any CPU
		{5E065F17-F636-497F-8F47-35E24CC1FDD3}.Debug|Any CPU.Build.0 = Debug|Any CPU
		{5E065F17-F636-497F-8F47-35E24CC1FDD3}.Release|Any CPU.ActiveCfg = Release|Any CPU
		{5E065F17-F636-497F-8F47-35E24CC1FDD3}.Release|Any CPU.Build.0 = Release|Any CPU
		{BE982E27-7420-4000-B7CD-908887C4572D}.Debug|Any CPU.ActiveCfg = Debug|Any CPU
		{BE982E27-7420-4000-B7CD-908887C4572D}.Debug|Any CPU.Build.0 = Debug|Any CPU
		{BE982E27-7420-4000-B7CD-908887C4572D}.Release|Any CPU.ActiveCfg = Release|Any CPU
		{BE982E27-7420-4000-B7CD-908887C4572D}.Release|Any CPU.Build.0 = Release|Any CPU
		{5A4E404F-F5AD-B34C-9235-40F726329693}.Debug|Any CPU.ActiveCfg = Debug|Any CPU
		{5A4E404F-F5AD-B34C-9235-40F726329693}.Debug|Any CPU.Build.0 = Debug|Any CPU
		{5A4E404F-F5AD-B34C-9235-40F726329693}.Release|Any CPU.ActiveCfg = Release|Any CPU
		{5A4E404F-F5AD-B34C-9235-40F726329693}.Release|Any CPU.Build.0 = Release|Any CPU
		{3F4A0E8E-9983-88C3-83DB-FD8547079813}.Debug|Any CPU.ActiveCfg = Debug|Any CPU
		{3F4A0E8E-9983-88C3-83DB-FD8547079813}.Debug|Any CPU.Build.0 = Debug|Any CPU
		{3F4A0E8E-9983-88C3-83DB-FD8547079813}.Release|Any CPU.ActiveCfg = Release|Any CPU
		{3F4A0E8E-9983-88C3-83DB-FD8547079813}.Release|Any CPU.Build.0 = Release|Any CPU
	EndGlobalSection
	GlobalSection(SolutionProperties) = preSolution
		HideSolutionNode = FALSE
	EndGlobalSection
	GlobalSection(ExtensibilityGlobals) = postSolution
		SolutionGuid = {144D4251-BC9F-45A7-BAF7-D338019186F5}
	EndGlobalSection
EndGlobal
